PODS:
  - Flutter (1.0.0)
  - integration_test (0.0.1):
    - Flutter
  - snowplow_tracker (0.6.0):
    - Flutter
    - SnowplowTracker (~> 6.0)
  - SnowplowTracker (6.0.1)

DEPENDENCIES:
  - Flutter (from `Flutter`)
  - integration_test (from `.symlinks/plugins/integration_test/ios`)
  - snowplow_tracker (from `.symlinks/plugins/snowplow_tracker/ios`)

SPEC REPOS:
  trunk:
    - SnowplowTracker

EXTERNAL SOURCES:
  Flutter:
    :path: Flutter
  integration_test:
    :path: ".symlinks/plugins/integration_test/ios"
  snowplow_tracker:
    :path: ".symlinks/plugins/snowplow_tracker/ios"

SPEC CHECKSUMS:
  Flutter: e0871f40cf51350855a761d2e70bf5af5b9b5de7
  integration_test: 13825b8a9334a850581300559b8839134b124670
  snowplow_tracker: a923965616497850376bbc3ca3c99f6e4ec32997
  SnowplowTracker: 6b19c331d5b765bda8b97b1c70ab52491524da60

PODFILE CHECKSUM: c4c93c5f6502fe2754f48404d3594bf779584011

COCOAPODS: 1.15.2
