PODS:
  - Flutter (1.0.0)
  - integration_test (0.0.1):
    - Flutter
  - snowplow_tracker (0.7.1):
    - Flutter
    - SnowplowTracker (~> 6.0.2)
  - SnowplowTracker (6.0.2)

DEPENDENCIES:
  - Flutter (from `Flutter`)
  - integration_test (from `.symlinks/plugins/integration_test/ios`)
  - snowplow_tracker (from `.symlinks/plugins/snowplow_tracker/ios`)

SPEC REPOS:
  trunk:
    - SnowplowTracker

EXTERNAL SOURCES:
  Flutter:
    :path: Flutter
  integration_test:
    :path: ".symlinks/plugins/integration_test/ios"
  snowplow_tracker:
    :path: ".symlinks/plugins/snowplow_tracker/ios"

SPEC CHECKSUMS:
  Flutter: e0871f40cf51350855a761d2e70bf5af5b9b5de7
  integration_test: ce0a3ffa1de96d1a89ca0ac26fca7ea18a749ef4
  snowplow_tracker: 0236afd8fee445e9e018a0d0111e41e64d9e9ad3
  SnowplowTracker: e53f7eb7de911801b741af2bd9e079e091fa7f2b

PODFILE CHECKSUM: c4c93c5f6502fe2754f48404d3594bf779584011

COCOAPODS: 1.15.2
